
Microsoft Visual Studio Solution File, Format Version 12.00
# Visual Studio Version 16
VisualStudioVersion = 16.0.30517.126
MinimumVisualStudioVersion = 10.0.40219.1
Project("{FAE04EC0-301F-11D3-BF4B-00C04F79EFBC}") = "SampleBudget", "SampleBudget\SampleBudget.csproj", "{ED19223C-8F20-48C0-8328-1578B41F560D}"
EndProject
Global
	GlobalSection(SolutionConfigurationPlatforms) = preSolution
		Debug|Any CPU = Debug|Any CPU
		Release|Any CPU = Release|Any CPU
	EndGlobalSection
	GlobalSection(ProjectConfigurationPlatforms) = postSolution
		{ED19223C-8F20-48C0-8328-1578B41F560D}.Debug|Any CPU.ActiveCfg = Debug|Any CPU
		{ED19223C-8F20-48C0-8328-1578B41F560D}.Debug|Any CPU.Build.0 = Debug|Any CPU
		{ED19223C-8F20-48C0-8328-1578B41F560D}.Release|Any CPU.ActiveCfg = Release|Any CPU
		{ED19223C-8F20-48C0-8328-1578B41F560D}.Release|Any CPU.Build.0 = Release|Any CPU
	EndGlobalSection
	GlobalSection(SolutionProperties) = preSolution
		HideSolutionNode = FALSE
	EndGlobalSection
	GlobalSection(ExtensibilityGlobals) = postSolution
		SolutionGuid = {E2057935-C95E-4217-9E77-BCDE0CA58A2C}
	EndGlobalSection
EndGlobal
